
Microsoft Visual Studio Solution File, Format Version 12.00
# Visual Studio Version 17
VisualStudioVersion = 17.7.34024.191
MinimumVisualStudioVersion = 10.0.40219.1
Project("{FAE04EC0-301F-11D3-BF4B-00C04F79EFBC}") = "Практос намбер 7", "Практос намбер 7\Практос намбер 7.csproj", "{44B638A0-E0A4-47E5-BC72-6512302D869F}"
EndProject
Global
	GlobalSection(SolutionConfigurationPlatforms) = preSolution
		Debug|Any CPU = Debug|Any CPU
		Release|Any CPU = Release|Any CPU
	EndGlobalSection
	GlobalSection(ProjectConfigurationPlatforms) = postSolution
		{44B638A0-E0A4-47E5-BC72-6512302D869F}.Debug|Any CPU.ActiveCfg = Debug|Any CPU
		{44B638A0-E0A4-47E5-BC72-6512302D869F}.Debug|Any CPU.Build.0 = Debug|Any CPU
		{44B638A0-E0A4-47E5-BC72-6512302D869F}.Release|Any CPU.ActiveCfg = Release|Any CPU
		{44B638A0-E0A4-47E5-BC72-6512302D869F}.Release|Any CPU.Build.0 = Release|Any CPU
	EndGlobalSection
	GlobalSection(SolutionProperties) = preSolution
		HideSolutionNode = FALSE
	EndGlobalSection
	GlobalSection(ExtensibilityGlobals) = postSolution
		SolutionGuid = {7962671B-1167-4DD1-98AF-F60976A43684}
	EndGlobalSection
EndGlobal
